Microsoft Visual Studio Solution File, Format Version 10.00
# Visual Studio 2008

Project("{72E807AC-11B9-C25F-8DB0-50050F4C7E8C}") = "UnityChess", "UnityChess.csproj", "{1677FE8D-5BC7-F83C-CAD9-A8B8618BDB02}"
EndProject
Global
	GlobalSection(SolutionConfigurationPlatforms) = preSolution
		Debug|Any CPU = Debug|Any CPU
		Release|Any CPU = Release|Any CPU
	EndGlobalSection
	GlobalSection(ProjectConfigurationPlatforms) = postSolution
		{1677FE8D-5BC7-F83C-CAD9-A8B8618BDB02}.Debug|Any CPU.ActiveCfg = Debug|Any CPU
		{1677FE8D-5BC7-F83C-CAD9-A8B8618BDB02}.Debug|Any CPU.Build.0 = Debug|Any CPU
		{1677FE8D-5BC7-F83C-CAD9-A8B8618BDB02}.Release|Any CPU.ActiveCfg = Release|Any CPU
		{1677FE8D-5BC7-F83C-CAD9-A8B8618BDB02}.Release|Any CPU.Build.0 = Release|Any CPU
	EndGlobalSection
	GlobalSection(SolutionProperties) = preSolution
		HideSolutionNode = FALSE
	EndGlobalSection
	
EndGlobal
